
Microsoft Visual Studio Solution File, Format Version 12.00
# Visual Studio Version 17
VisualStudioVersion = 17.2.32630.192
MinimumVisualStudioVersion = 10.0.40219.1
Project("{FAE04EC0-301F-11D3-BF4B-00C04F79EFBC}") = "ExpenseManagament.Common", "ExpenseManagament.Common\ExpenseManagament.Common.csproj", "{362C1073-64A6-4B14-A654-B67D4036AE82}"
EndProject
Project("{FAE04EC0-301F-11D3-BF4B-00C04F79EFBC}") = "ExpenseManagament.BLL", "ExpenseManagament.BLL\ExpenseManagament.BLL.csproj", "{31C8AB42-3361-4191-A632-2E89634E5DB1}"
EndProject
Project("{FAE04EC0-301F-11D3-BF4B-00C04F79EFBC}") = "ExpenseManagament.DAL", "ExpenseManagament.DAL\ExpenseManagament.DAL.csproj", "{F52729A2-77DC-4235-9CAE-17EBD1CF937B}"
EndProject
Project("{9A19103F-16F7-4668-BE54-9A1E7A4F7556}") = "ExpenseManagament.API", "ExpenseManagament.API\ExpenseManagament.API.csproj", "{763276AF-DDBD-4E6B-A60F-E20C9D67CC57}"
EndProject
Global
	GlobalSection(SolutionConfigurationPlatforms) = preSolution
		Debug|Any CPU = Debug|Any CPU
		Release|Any CPU = Release|Any CPU
	EndGlobalSection
	GlobalSection(ProjectConfigurationPlatforms) = postSolution
		{362C1073-64A6-4B14-A654-B67D4036AE82}.Debug|Any CPU.ActiveCfg = Debug|Any CPU
		{362C1073-64A6-4B14-A654-B67D4036AE82}.Debug|Any CPU.Build.0 = Debug|Any CPU
		{362C1073-64A6-4B14-A654-B67D4036AE82}.Release|Any CPU.ActiveCfg = Release|Any CPU
		{362C1073-64A6-4B14-A654-B67D4036AE82}.Release|Any CPU.Build.0 = Release|Any CPU
		{31C8AB42-3361-4191-A632-2E89634E5DB1}.Debug|Any CPU.ActiveCfg = Debug|Any CPU
		{31C8AB42-3361-4191-A632-2E89634E5DB1}.Debug|Any CPU.Build.0 = Debug|Any CPU
		{31C8AB42-3361-4191-A632-2E89634E5DB1}.Release|Any CPU.ActiveCfg = Release|Any CPU
		{31C8AB42-3361-4191-A632-2E89634E5DB1}.Release|Any CPU.Build.0 = Release|Any CPU
		{F52729A2-77DC-4235-9CAE-17EBD1CF937B}.Debug|Any CPU.ActiveCfg = Debug|Any CPU
		{F52729A2-77DC-4235-9CAE-17EBD1CF937B}.Debug|Any CPU.Build.0 = Debug|Any CPU
		{F52729A2-77DC-4235-9CAE-17EBD1CF937B}.Release|Any CPU.ActiveCfg = Release|Any CPU
		{F52729A2-77DC-4235-9CAE-17EBD1CF937B}.Release|Any CPU.Build.0 = Release|Any CPU
		{763276AF-DDBD-4E6B-A60F-E20C9D67CC57}.Debug|Any CPU.ActiveCfg = Debug|Any CPU
		{763276AF-DDBD-4E6B-A60F-E20C9D67CC57}.Debug|Any CPU.Build.0 = Debug|Any CPU
		{763276AF-DDBD-4E6B-A60F-E20C9D67CC57}.Release|Any CPU.ActiveCfg = Release|Any CPU
		{763276AF-DDBD-4E6B-A60F-E20C9D67CC57}.Release|Any CPU.Build.0 = Release|Any CPU
	EndGlobalSection
	GlobalSection(SolutionProperties) = preSolution
		HideSolutionNode = FALSE
	EndGlobalSection
	GlobalSection(ExtensibilityGlobals) = postSolution
		SolutionGuid = {3562CF0C-9A1B-4DDD-9A74-D6BE0A472300}
	EndGlobalSection
EndGlobal
